
Microsoft Visual Studio Solution File, Format Version 12.00
# Visual Studio Version 16
VisualStudioVersion = 16.0.30114.105
MinimumVisualStudioVersion = 10.0.40219.1
Project("{FAE04EC0-301F-11D3-BF4B-00C04F79EFBC}") = "MyApp", "MyApp\MyApp.csproj", "{6453FFC2-7470-4261-985E-140F447F9560}"
EndProject
Project("{FAE04EC0-301F-11D3-BF4B-00C04F79EFBC}") = "MyApp.Tests", "MyApp.Tests\MyApp.Tests.csproj", "{7EA76361-5088-4150-8AA6-B548EE5A3624}"
EndProject
Global
	GlobalSection(SolutionConfigurationPlatforms) = preSolution
		Debug|Any CPU = Debug|Any CPU
		Release|Any CPU = Release|Any CPU
	EndGlobalSection
	GlobalSection(SolutionProperties) = preSolution
		HideSolutionNode = FALSE
	EndGlobalSection
	GlobalSection(ProjectConfigurationPlatforms) = postSolution
		{6453FFC2-7470-4261-985E-140F447F9560}.Debug|Any CPU.ActiveCfg = Debug|Any CPU
		{6453FFC2-7470-4261-985E-140F447F9560}.Debug|Any CPU.Build.0 = Debug|Any CPU
		{6453FFC2-7470-4261-985E-140F447F9560}.Release|Any CPU.ActiveCfg = Release|Any CPU
		{6453FFC2-7470-4261-985E-140F447F9560}.Release|Any CPU.Build.0 = Release|Any CPU
		{7EA76361-5088-4150-8AA6-B548EE5A3624}.Debug|Any CPU.ActiveCfg = Debug|Any CPU
		{7EA76361-5088-4150-8AA6-B548EE5A3624}.Debug|Any CPU.Build.0 = Debug|Any CPU
		{7EA76361-5088-4150-8AA6-B548EE5A3624}.Release|Any CPU.ActiveCfg = Release|Any CPU
		{7EA76361-5088-4150-8AA6-B548EE5A3624}.Release|Any CPU.Build.0 = Release|Any CPU
	EndGlobalSection
EndGlobal
